// !$*UTF8*$!
{
	archiveVersion = 1;
	classes = {
	};
	objectVersion = 50;
	objects = {

/* Begin PBXBuildFile section */
		F49428E6269212B000CC436A /* Ravn_Challenge_V2_DanielCornejoApp.swift in Sources */ = {isa = PBXBuildFile; fileRef = F49428E5269212B000CC436A /* Ravn_Challenge_V2_DanielCornejoApp.swift */; };
		F49428E8269212B000CC436A /* ContentView.swift in Sources */ = {isa = PBXBuildFile; fileRef = F49428E7269212B000CC436A /* ContentView.swift */; };
		F49428EA269212B100CC436A /* Assets.xcassets in Resources */ = {isa = PBXBuildFile; fileRef = F49428E9269212B100CC436A /* Assets.xcassets */; };
		F49428ED269212B100CC436A /* Preview Assets.xcassets in Resources */ = {isa = PBXBuildFile; fileRef = F49428EC269212B100CC436A /* Preview Assets.xcassets */; };
/* End PBXBuildFile section */

/* Begin PBXFileReference section */
		F49428E2269212B000CC436A /* Ravn-Challenge-V2-DanielCornejo.app */ = {isa = PBXFileReference; explicitFileType = wrapper.application; includeInIndex = 0; path = "Ravn-Challenge-V2-DanielCornejo.app"; sourceTree = BUILT_PRODUCTS_DIR; };
		F49428E5269212B000CC436A /* Ravn_Challenge_V2_DanielCornejoApp.swift */ = {isa = PBXFileReference; lastKnownFileType = sourcecode.swift; path = Ravn_Challenge_V2_DanielCornejoApp.swift; sourceTree = "<group>"; };
		F49428E7269212B000CC436A /* ContentView.swift */ = {isa = PBXFileReference; lastKnownFileType = sourcecode.swift; path = ContentView.swift; sourceTree = "<group>"; };
		F49428E9269212B100CC436A /* Assets.xcassets */ = {isa = PBXFileReference; lastKnownFileType = folder.assetcatalog; path = Assets.xcassets; sourceTree = "<group>"; };
		F49428EC269212B100CC436A /* Preview Assets.xcassets */ = {isa = PBXFileReference; lastKnownFileType = folder.assetcatalog; path = "Preview Assets.xcassets"; sourceTree = "<group>"; };
		F49428EE269212B100CC436A /* Info.plist */ = {isa = PBXFileReference; lastKnownFileType = text.plist.xml; path = Info.plist; sourceTree = "<group>"; };
/* End PBXFileReference section */

/* Begin PBXFrameworksBuildPhase section */
		F49428DF269212B000CC436A /* Frameworks */ = {
			isa = PBXFrameworksBuildPhase;
			buildActionMask = 2147483647;
			files = (
			);
			runOnlyForDeploymentPostprocessing = 0;
		};
/* End PBXFrameworksBuildPhase section */

/* Begin PBXGroup section */
		F49428D9269212B000CC436A = {
			isa = PBXGroup;
			children = (
				F49428E4269212B000CC436A /* Ravn-Challenge-V2-DanielCornejo */,
				F49428E3269212B000CC436A /* Products */,
			);
			sourceTree = "<group>";
		};
		F49428E3269212B000CC436A /* Products */ = {
			isa = PBXGroup;
			children = (
				F49428E2269212B000CC436A /* Ravn-Challenge-V2-DanielCornejo.app */,
			);
			name = Products;
			sourceTree = "<group>";
		};
		F49428E4269212B000CC436A /* Ravn-Challenge-V2-DanielCornejo */ = {
			isa = PBXGroup;
			children = (
				F49428E5269212B000CC436A /* Ravn_Challenge_V2_DanielCornejoApp.swift */,
				F49428E7269212B000CC436A /* ContentView.swift */,
				F49428E9269212B100CC436A /* Assets.xcassets */,
				F49428EE269212B100CC436A /* Info.plist */,
				F49428EB269212B100CC436A /* Preview Content */,
			);
			path = "Ravn-Challenge-V2-DanielCornejo";
			sourceTree = "<group>";
		};
		F49428EB269212B100CC436A /* Preview Content */ = {
			isa = PBXGroup;
			children = (
				F49428EC269212B100CC436A /* Preview Assets.xcassets */,
			);
			path = "Preview Content";
			sourceTree = "<group>";
		};
/* End PBXGroup section */

/* Begin PBXNativeTarget section */
		F49428E1269212B000CC436A /* Ravn-Challenge-V2-DanielCornejo */ = {
			isa = PBXNativeTarget;
			buildConfigurationList = F49428F1269212B100CC436A /* Build configuration list for PBXNativeTarget "Ravn-Challenge-V2-DanielCornejo" */;
			buildPhases = (
				F49428DE269212B000CC436A /* Sources */,
				F49428DF269212B000CC436A /* Frameworks */,
				F49428E0269212B000CC436A /* Resources */,
			);
			buildRules = (
			);
			dependencies = (
			);
			name = "Ravn-Challenge-V2-DanielCornejo";
			productName = "Ravn-Challenge-V2-DanielCornejo";
			productReference = F49428E2269212B000CC436A /* Ravn-Challenge-V2-DanielCornejo.app */;
			productType = "com.apple.product-type.application";
		};
/* End PBXNativeTarget section */

/* Begin PBXProject section */
		F49428DA269212B000CC436A /* Project object */ = {
			isa = PBXProject;
			attributes = {
				LastSwiftUpdateCheck = 1250;
				LastUpgradeCheck = 1250;
				TargetAttributes = {
					F49428E1269212B000CC436A = {
						CreatedOnToolsVersion = 12.5.1;
					};
				};
			};
			buildConfigurationList = F49428DD269212B000CC436A /* Build configuration list for PBXProject "Ravn-Challenge-V2-DanielCornejo" */;
			compatibilityVersion = "Xcode 9.3";
			developmentRegion = en;
			hasScannedForEncodings = 0;
			knownRegions = (
				en,
				Base,
			);
			mainGroup = F49428D9269212B000CC436A;
			productRefGroup = F49428E3269212B000CC436A /* Products */;
			projectDirPath = "";
			projectRoot = "";
			targets = (
				F49428E1269212B000CC436A /* Ravn-Challenge-V2-DanielCornejo */,
			);
		};
/* End PBXProject section */

/* Begin PBXResourcesBuildPhase section */
		F49428E0269212B000CC436A /* Resources */ = {
			isa = PBXResourcesBuildPhase;
			buildActionMask = 2147483647;
			files = (
				F49428ED269212B100CC436A /* Preview Assets.xcassets in Resources */,
				F49428EA269212B100CC436A /* Assets.xcassets in Resources */,
			);
			runOnlyForDeploymentPostprocessing = 0;
		};
/* End PBXResourcesBuildPhase section */

/* Begin PBXSourcesBuildPhase section */
		F49428DE269212B000CC436A /* Sources */ = {
			isa = PBXSourcesBuildPhase;
			buildActionMask = 2147483647;
			files = (
				F49428E8269212B000CC436A /* ContentView.swift in Sources */,
				F49428E6269212B000CC436A /* Ravn_Challenge_V2_DanielCornejoApp.swift in Sources */,
			);
			runOnlyForDeploymentPostprocessing = 0;
		};
/* End PBXSourcesBuildPhase section */

/* Begin XCBuildConfiguration section */
		F49428EF269212B100CC436A /* Debug */ = {
			isa = XCBuildConfiguration;
			buildSettings = {
				ALWAYS_SEARCH_USER_PATHS = NO;
				CLANG_ANALYZER_NONNULL = YES;
				CLANG_ANALYZER_NUMBER_OBJECT_CONVERSION = YES_AGGRESSIVE;
				CLANG_CXX_LANGUAGE_STANDARD = "gnu++14";
				CLANG_CXX_LIBRARY = "libc++";
				CLANG_ENABLE_MODULES = YES;
				CLANG_ENABLE_OBJC_ARC = YES;
				CLANG_ENABLE_OBJC_WEAK = YES;
				CLANG_WARN_BLOCK_CAPTURE_AUTORELEASING = YES;
				CLANG_WARN_BOOL_CONVERSION = YES;
				CLANG_WARN_COMMA = YES;
				CLANG_WARN_CONSTANT_CONVERSION = YES;
				CLANG_WARN_DEPRECATED_OBJC_IMPLEMENTATIONS = YES;
				CLANG_WARN_DIRECT_OBJC_ISA_USAGE = YES_ERROR;
				CLANG_WARN_DOCUMENTATION_COMMENTS = YES;
				CLANG_WARN_EMPTY_BODY = YES;
				CLANG_WARN_ENUM_CONVERSION = YES;
				CLANG_WARN_INFINITE_RECURSION = YES;
				CLANG_WARN_INT_CONVERSION = YES;
				CLANG_WARN_NON_LITERAL_NULL_CONVERSION = YES;
				CLANG_WARN_OBJC_IMPLICIT_RETAIN_SELF = YES;
				CLANG_WARN_OBJC_LITERAL_CONVERSION = YES;
				CLANG_WARN_OBJC_ROOT_CLASS = YES_ERROR;
				CLANG_WARN_QUOTED_INCLUDE_IN_FRAMEWORK_HEADER = YES;
				CLANG_WARN_RANGE_LOOP_ANALYSIS = YES;
				CLANG_WARN_STRICT_PROTOTYPES = YES;
				CLANG_WARN_SUSPICIOUS_MOVE = YES;
				CLANG_WARN_UNGUARDED_AVAILABILITY = YES_AGGRESSIVE;
				CLANG_WARN_UNREACHABLE_CODE = YES;
				CLANG_WARN__DUPLICATE_METHOD_MATCH = YES;
				COPY_PHASE_STRIP = NO;
				DEBUG_INFORMATION_FORMAT = dwarf;
				ENABLE_STRICT_OBJC_MSGSEND = YES;
				ENABLE_TESTABILITY = YES;
				GCC_C_LANGUAGE_STANDARD = gnu11;
				GCC_DYNAMIC_NO_PIC = NO;
				GCC_NO_COMMON_BLOCKS = YES;
				GCC_OPTIMIZATION_LEVEL = 0;
				GCC_PREPROCESSOR_DEFINITIONS = (
					"DEBUG=1",
					"$(inherited)",
				);
				GCC_WARN_64_TO_32_BIT_CONVERSION = YES;
				GCC_WARN_ABOUT_RETURN_TYPE = YES_ERROR;
				GCC_WARN_UNDECLARED_SELECTOR = YES;
				GCC_WARN_UNINITIALIZED_AUTOS = YES_AGGRESSIVE;
				GCC_WARN_UNUSED_FUNCTION = YES;
				GCC_WARN_UNUSED_VARIABLE = YES;
				IPHONEOS_DEPLOYMENT_TARGET = 14.5;
				MTL_ENABLE_DEBUG_INFO = INCLUDE_SOURCE;
				MTL_FAST_MATH = YES;
				ONLY_ACTIVE_ARCH = YES;
				SDKROOT = iphoneos;
				SWIFT_ACTIVE_COMPILATION_CONDITIONS = DEBUG;
				SWIFT_OPTIMIZATION_LEVEL = "-Onone";
			};
			name = Debug;
		};
		F49428F0269212B100CC436A /* Release */ = {
			isa = XCBuildConfiguration;
			buildSettings = {
				ALWAYS_SEARCH_USER_PATHS = NO;
				CLANG_ANALYZER_NONNULL = YES;
				CLANG_ANALYZER_NUMBER_OBJECT_CONVERSION = YES_AGGRESSIVE;
				CLANG_CXX_LANGUAGE_STANDARD = "gnu++14";
				CLANG_CXX_LIBRARY = "libc++";
				CLANG_ENABLE_MODULES = YES;
				CLANG_ENABLE_OBJC_ARC = YES;
				CLANG_ENABLE_OBJC_WEAK = YES;
				CLANG_WARN_BLOCK_CAPTURE_AUTORELEASING = YES;
				CLANG_WARN_BOOL_CONVERSION = YES;
				CLANG_WARN_COMMA = YES;
				CLANG_WARN_CONSTANT_CONVERSION = YES;
				CLANG_WARN_DEPRECATED_OBJC_IMPLEMENTATIONS = YES;
				CLANG_WARN_DIRECT_OBJC_ISA_USAGE = YES_ERROR;
				CLANG_WARN_DOCUMENTATION_COMMENTS = YES;
				CLANG_WARN_EMPTY_BODY = YES;
				CLANG_WARN_ENUM_CONVERSION = YES;
				CLANG_WARN_INFINITE_RECURSION = YES;
				CLANG_WARN_INT_CONVERSION = YES;
				CLANG_WARN_NON_LITERAL_NULL_CONVERSION = YES;
				CLANG_WARN_OBJC_IMPLICIT_RETAIN_SELF = YES;
				CLANG_WARN_OBJC_LITERAL_CONVERSION = YES;
				CLANG_WARN_OBJC_ROOT_CLASS = YES_ERROR;
				CLANG_WARN_QUOTED_INCLUDE_IN_FRAMEWORK_HEADER = YES;
				CLANG_WARN_RANGE_LOOP_ANALYSIS = YES;
				CLANG_WARN_STRICT_PROTOTYPES = YES;
				CLANG_WARN_SUSPICIOUS_MOVE = YES;
				CLANG_WARN_UNGUARDED_AVAILABILITY = YES_AGGRESSIVE;
				CLANG_WARN_UNREACHABLE_CODE = YES;
				CLANG_WARN__DUPLICATE_METHOD_MATCH = YES;
				COPY_PHASE_STRIP = NO;
				DEBUG_INFORMATION_FORMAT = "dwarf-with-dsym";
				ENABLE_NS_ASSERTIONS = NO;
				ENABLE_STRICT_OBJC_MSGSEND = YES;
				GCC_C_LANGUAGE_STANDARD = gnu11;
				GCC_NO_COMMON_BLOCKS = YES;
				GCC_WARN_64_TO_32_BIT_CONVERSION = YES;
				GCC_WARN_ABOUT_RETURN_TYPE = YES_ERROR;
				GCC_WARN_UNDECLARED_SELECTOR = YES;
				GCC_WARN_UNINITIALIZED_AUTOS = YES_AGGRESSIVE;
				GCC_WARN_UNUSED_FUNCTION = YES;
				GCC_WARN_UNUSED_VARIABLE = YES;
				IPHONEOS_DEPLOYMENT_TARGET = 14.5;
				MTL_ENABLE_DEBUG_INFO = NO;
				MTL_FAST_MATH = YES;
				SDKROOT = iphoneos;
				SWIFT_COMPILATION_MODE = wholemodule;
				SWIFT_OPTIMIZATION_LEVEL = "-O";
				VALIDATE_PRODUCT = YES;
			};
			name = Release;
		};
		F49428F2269212B100CC436A /* Debug */ = {
			isa = XCBuildConfiguration;
			buildSettings = {
				ASSETCATALOG_COMPILER_APPICON_NAME = AppIcon;
				ASSETCATALOG_COMPILER_GLOBAL_ACCENT_COLOR_NAME = AccentColor;
				CODE_SIGN_STYLE = Automatic;
				DEVELOPMENT_ASSET_PATHS = "\"Ravn-Challenge-V2-DanielCornejo/Preview Content\"";
				DEVELOPMENT_TEAM = Y77D4J5ZWS;
				ENABLE_PREVIEWS = YES;
				INFOPLIST_FILE = "Ravn-Challenge-V2-DanielCornejo/Info.plist";
				IPHONEOS_DEPLOYMENT_TARGET = 14.0;
				LD_RUNPATH_SEARCH_PATHS = (
					"$(inherited)",
					"@executable_path/Frameworks",
				);
				PRODUCT_BUNDLE_IDENTIFIER = "dancor.developer.Ravn-Challenge-V2-DanielCornejo";
				PRODUCT_NAME = "$(TARGET_NAME)";
				SWIFT_VERSION = 5.0;
				TARGETED_DEVICE_FAMILY = "1,2";
			};
			name = Debug;
		};
		F49428F3269212B100CC436A /* Release */ = {
			isa = XCBuildConfiguration;
			buildSettings = {
				ASSETCATALOG_COMPILER_APPICON_NAME = AppIcon;
				ASSETCATALOG_COMPILER_GLOBAL_ACCENT_COLOR_NAME = AccentColor;
				CODE_SIGN_STYLE = Automatic;
				DEVELOPMENT_ASSET_PATHS = "\"Ravn-Challenge-V2-DanielCornejo/Preview Content\"";
				DEVELOPMENT_TEAM = Y77D4J5ZWS;
				ENABLE_PREVIEWS = YES;
				INFOPLIST_FILE = "Ravn-Challenge-V2-DanielCornejo/Info.plist";
				IPHONEOS_DEPLOYMENT_TARGET = 14.0;
				LD_RUNPATH_SEARCH_PATHS = (
					"$(inherited)",
					"@executable_path/Frameworks",
				);
				PRODUCT_BUNDLE_IDENTIFIER = "dancor.developer.Ravn-Challenge-V2-DanielCornejo";
				PRODUCT_NAME = "$(TARGET_NAME)";
				SWIFT_VERSION = 5.0;
				TARGETED_DEVICE_FAMILY = "1,2";
			};
			name = Release;
		};
/* End XCBuildConfiguration section */

/* Begin XCConfigurationList section */
		F49428DD269212B000CC436A /* Build configuration list for PBXProject "Ravn-Challenge-V2-DanielCornejo" */ = {
			isa = XCConfigurationList;
			buildConfigurations = (
				F49428EF269212B100CC436A /* Debug */,
				F49428F0269212B100CC436A /* Release */,
			);
			defaultConfigurationIsVisible = 0;
			defaultConfigurationName = Release;
		};
		F49428F1269212B100CC436A /* Build configuration list for PBXNativeTarget "Ravn-Challenge-V2-DanielCornejo" */ = {
			isa = XCConfigurationList;
			buildConfigurations = (
				F49428F2269212B100CC436A /* Debug */,
				F49428F3269212B100CC436A /* Release */,
			);
			defaultConfigurationIsVisible = 0;
			defaultConfigurationName = Release;
		};
/* End XCConfigurationList section */
	};
	rootObject = F49428DA269212B000CC436A /* Project object */;
}
