// !$*UTF8*$!
{
	archiveVersion = 1;
	classes = {
	};
	objectVersion = 52;
	objects = {

/* Begin PBXBuildFile section */
		F49428E6269212B000CC436A /* Ravn_Challenge_V2_DanielCornejoApp.swift in Sources */ = {isa = PBXBuildFile; fileRef = F49428E5269212B000CC436A /* Ravn_Challenge_V2_DanielCornejoApp.swift */; };
		F49428E8269212B000CC436A /* ContentView.swift in Sources */ = {isa = PBXBuildFile; fileRef = F49428E7269212B000CC436A /* ContentView.swift */; };
		F49428EA269212B100CC436A /* Assets.xcassets in Resources */ = {isa = PBXBuildFile; fileRef = F49428E9269212B100CC436A /* Assets.xcassets */; };
		F49428ED269212B100CC436A /* Preview Assets.xcassets in Resources */ = {isa = PBXBuildFile; fileRef = F49428EC269212B100CC436A /* Preview Assets.xcassets */; };
		F49428F6269215A800CC436A /* Apollo in Frameworks */ = {isa = PBXBuildFile; productRef = F49428F5269215A800CC436A /* Apollo */; };
		F49428F8269215A800CC436A /* ApolloWebSocket in Frameworks */ = {isa = PBXBuildFile; productRef = F49428F7269215A800CC436A /* ApolloWebSocket */; };
		F49428FB26921E1500CC436A /* schema.json in Resources */ = {isa = PBXBuildFile; fileRef = F49428FA26921E1500CC436A /* schema.json */; };
		F49428FF269223CB00CC436A /* StarWarsPeople.graphql in Resources */ = {isa = PBXBuildFile; fileRef = F49428FE269223CA00CC436A /* StarWarsPeople.graphql */; };
		F49429012692244200CC436A /* API.swift in Sources */ = {isa = PBXBuildFile; fileRef = F49429002692244200CC436A /* API.swift */; };
		F4942904269225CB00CC436A /* ApolloService.swift in Sources */ = {isa = PBXBuildFile; fileRef = F4942903269225CB00CC436A /* ApolloService.swift */; };
		F49429062692306600CC436A /* ApolloServiceError.swift in Sources */ = {isa = PBXBuildFile; fileRef = F49429052692306600CC436A /* ApolloServiceError.swift */; };
		F494290D269231D400CC436A /* People.swift in Sources */ = {isa = PBXBuildFile; fileRef = F494290C269231D400CC436A /* People.swift */; };
		F49429132692347100CC436A /* StarWarsService.swift in Sources */ = {isa = PBXBuildFile; fileRef = F49429122692347100CC436A /* StarWarsService.swift */; };
		F49429152692410F00CC436A /* PeopleListViewModel.swift in Sources */ = {isa = PBXBuildFile; fileRef = F49429142692410F00CC436A /* PeopleListViewModel.swift */; };
		F49429182692436100CC436A /* CombineExt in Frameworks */ = {isa = PBXBuildFile; productRef = F49429172692436100CC436A /* CombineExt */; };
		F494291A26924DCB00CC436A /* PeopleListView.swift in Sources */ = {isa = PBXBuildFile; fileRef = F494291926924DCB00CC436A /* PeopleListView.swift */; };
		F494291C26925D7E00CC436A /* Colors.xcassets in Resources */ = {isa = PBXBuildFile; fileRef = F494291B26925D7E00CC436A /* Colors.xcassets */; };
/* End PBXBuildFile section */

/* Begin PBXFileReference section */
		F49428E2269212B000CC436A /* Ravn-Challenge-V2-DanielCornejo.app */ = {isa = PBXFileReference; explicitFileType = wrapper.application; includeInIndex = 0; path = "Ravn-Challenge-V2-DanielCornejo.app"; sourceTree = BUILT_PRODUCTS_DIR; };
		F49428E5269212B000CC436A /* Ravn_Challenge_V2_DanielCornejoApp.swift */ = {isa = PBXFileReference; lastKnownFileType = sourcecode.swift; path = Ravn_Challenge_V2_DanielCornejoApp.swift; sourceTree = "<group>"; };
		F49428E7269212B000CC436A /* ContentView.swift */ = {isa = PBXFileReference; lastKnownFileType = sourcecode.swift; path = ContentView.swift; sourceTree = "<group>"; };
		F49428E9269212B100CC436A /* Assets.xcassets */ = {isa = PBXFileReference; lastKnownFileType = folder.assetcatalog; path = Assets.xcassets; sourceTree = "<group>"; };
		F49428EC269212B100CC436A /* Preview Assets.xcassets */ = {isa = PBXFileReference; lastKnownFileType = folder.assetcatalog; path = "Preview Assets.xcassets"; sourceTree = "<group>"; };
		F49428EE269212B100CC436A /* Info.plist */ = {isa = PBXFileReference; lastKnownFileType = text.plist.xml; path = Info.plist; sourceTree = "<group>"; };
		F49428FA26921E1500CC436A /* schema.json */ = {isa = PBXFileReference; fileEncoding = 4; lastKnownFileType = text.json; path = schema.json; sourceTree = "<group>"; };
		F49428FE269223CA00CC436A /* StarWarsPeople.graphql */ = {isa = PBXFileReference; fileEncoding = 4; lastKnownFileType = text; path = StarWarsPeople.graphql; sourceTree = "<group>"; };
		F49429002692244200CC436A /* API.swift */ = {isa = PBXFileReference; fileEncoding = 4; lastKnownFileType = sourcecode.swift; path = API.swift; sourceTree = "<group>"; };
		F4942903269225CB00CC436A /* ApolloService.swift */ = {isa = PBXFileReference; lastKnownFileType = sourcecode.swift; path = ApolloService.swift; sourceTree = "<group>"; };
		F49429052692306600CC436A /* ApolloServiceError.swift */ = {isa = PBXFileReference; lastKnownFileType = sourcecode.swift; path = ApolloServiceError.swift; sourceTree = "<group>"; };
		F494290C269231D400CC436A /* People.swift */ = {isa = PBXFileReference; lastKnownFileType = sourcecode.swift; path = People.swift; sourceTree = "<group>"; };
		F49429122692347100CC436A /* StarWarsService.swift */ = {isa = PBXFileReference; lastKnownFileType = sourcecode.swift; path = StarWarsService.swift; sourceTree = "<group>"; };
		F49429142692410F00CC436A /* PeopleListViewModel.swift */ = {isa = PBXFileReference; lastKnownFileType = sourcecode.swift; path = PeopleListViewModel.swift; sourceTree = "<group>"; };
		F494291926924DCB00CC436A /* PeopleListView.swift */ = {isa = PBXFileReference; lastKnownFileType = sourcecode.swift; path = PeopleListView.swift; sourceTree = "<group>"; };
		F494291B26925D7E00CC436A /* Colors.xcassets */ = {isa = PBXFileReference; lastKnownFileType = folder.assetcatalog; path = Colors.xcassets; sourceTree = "<group>"; };
/* End PBXFileReference section */

/* Begin PBXFrameworksBuildPhase section */
		F49428DF269212B000CC436A /* Frameworks */ = {
			isa = PBXFrameworksBuildPhase;
			buildActionMask = 2147483647;
			files = (
				F49428F6269215A800CC436A /* Apollo in Frameworks */,
				F49429182692436100CC436A /* CombineExt in Frameworks */,
				F49428F8269215A800CC436A /* ApolloWebSocket in Frameworks */,
			);
			runOnlyForDeploymentPostprocessing = 0;
		};
/* End PBXFrameworksBuildPhase section */

/* Begin PBXGroup section */
		F49428D9269212B000CC436A = {
			isa = PBXGroup;
			children = (
				F49428E4269212B000CC436A /* Ravn-Challenge-V2-DanielCornejo */,
				F49428E3269212B000CC436A /* Products */,
			);
			sourceTree = "<group>";
		};
		F49428E3269212B000CC436A /* Products */ = {
			isa = PBXGroup;
			children = (
				F49428E2269212B000CC436A /* Ravn-Challenge-V2-DanielCornejo.app */,
			);
			name = Products;
			sourceTree = "<group>";
		};
		F49428E4269212B000CC436A /* Ravn-Challenge-V2-DanielCornejo */ = {
			isa = PBXGroup;
			children = (
				F4942907269230F900CC436A /* Module */,
				F49429022692254D00CC436A /* Network */,
				F49428FC26921E9000CC436A /* Resources */,
				F49428E5269212B000CC436A /* Ravn_Challenge_V2_DanielCornejoApp.swift */,
				F49428E7269212B000CC436A /* ContentView.swift */,
				F49428E9269212B100CC436A /* Assets.xcassets */,
				F494291B26925D7E00CC436A /* Colors.xcassets */,
				F49428EE269212B100CC436A /* Info.plist */,
				F49428EB269212B100CC436A /* Preview Content */,
			);
			path = "Ravn-Challenge-V2-DanielCornejo";
			sourceTree = "<group>";
		};
		F49428EB269212B100CC436A /* Preview Content */ = {
			isa = PBXGroup;
			children = (
				F49428EC269212B100CC436A /* Preview Assets.xcassets */,
			);
			path = "Preview Content";
			sourceTree = "<group>";
		};
		F49428FC26921E9000CC436A /* Resources */ = {
			isa = PBXGroup;
			children = (
				F494290E269232B500CC436A /* Extensions */,
				F49428FD26921EA800CC436A /* GraphQL */,
			);
			path = Resources;
			sourceTree = "<group>";
		};
		F49428FD26921EA800CC436A /* GraphQL */ = {
			isa = PBXGroup;
			children = (
				F49429002692244200CC436A /* API.swift */,
				F49428FE269223CA00CC436A /* StarWarsPeople.graphql */,
				F49428FA26921E1500CC436A /* schema.json */,
			);
			path = GraphQL;
			sourceTree = "<group>";
		};
		F49429022692254D00CC436A /* Network */ = {
			isa = PBXGroup;
			children = (
				F4942903269225CB00CC436A /* ApolloService.swift */,
				F49429052692306600CC436A /* ApolloServiceError.swift */,
				F49429122692347100CC436A /* StarWarsService.swift */,
			);
			path = Network;
			sourceTree = "<group>";
		};
		F4942907269230F900CC436A /* Module */ = {
			isa = PBXGroup;
			children = (
				F49429082692310200CC436A /* People */,
			);
			path = Module;
			sourceTree = "<group>";
		};
		F49429082692310200CC436A /* People */ = {
			isa = PBXGroup;
			children = (
				F494290B2692313000CC436A /* Views */,
				F494290A2692312A00CC436A /* ViewModel */,
				F49429092692312400CC436A /* Model */,
			);
			path = People;
			sourceTree = "<group>";
		};
		F49429092692312400CC436A /* Model */ = {
			isa = PBXGroup;
			children = (
				F494290C269231D400CC436A /* People.swift */,
			);
			path = Model;
			sourceTree = "<group>";
		};
		F494290A2692312A00CC436A /* ViewModel */ = {
			isa = PBXGroup;
			children = (
				F49429142692410F00CC436A /* PeopleListViewModel.swift */,
			);
			path = ViewModel;
			sourceTree = "<group>";
		};
		F494290B2692313000CC436A /* Views */ = {
			isa = PBXGroup;
			children = (
				F494291926924DCB00CC436A /* PeopleListView.swift */,
			);
			path = Views;
			sourceTree = "<group>";
		};
		F494290E269232B500CC436A /* Extensions */ = {
			isa = PBXGroup;
			children = (
			);
			path = Extensions;
			sourceTree = "<group>";
		};
/* End PBXGroup section */

/* Begin PBXNativeTarget section */
		F49428E1269212B000CC436A /* Ravn-Challenge-V2-DanielCornejo */ = {
			isa = PBXNativeTarget;
			buildConfigurationList = F49428F1269212B100CC436A /* Build configuration list for PBXNativeTarget "Ravn-Challenge-V2-DanielCornejo" */;
			buildPhases = (
				F49428F9269219E100CC436A /* Apollo CLI */,
				F49428DE269212B000CC436A /* Sources */,
				F49428DF269212B000CC436A /* Frameworks */,
				F49428E0269212B000CC436A /* Resources */,
			);
			buildRules = (
			);
			dependencies = (
			);
			name = "Ravn-Challenge-V2-DanielCornejo";
			packageProductDependencies = (
				F49428F5269215A800CC436A /* Apollo */,
				F49428F7269215A800CC436A /* ApolloWebSocket */,
				F49429172692436100CC436A /* CombineExt */,
			);
			productName = "Ravn-Challenge-V2-DanielCornejo";
			productReference = F49428E2269212B000CC436A /* Ravn-Challenge-V2-DanielCornejo.app */;
			productType = "com.apple.product-type.application";
		};
/* End PBXNativeTarget section */

/* Begin PBXProject section */
		F49428DA269212B000CC436A /* Project object */ = {
			isa = PBXProject;
			attributes = {
				LastSwiftUpdateCheck = 1250;
				LastUpgradeCheck = 1250;
				TargetAttributes = {
					F49428E1269212B000CC436A = {
						CreatedOnToolsVersion = 12.5.1;
					};
				};
			};
			buildConfigurationList = F49428DD269212B000CC436A /* Build configuration list for PBXProject "Ravn-Challenge-V2-DanielCornejo" */;
			compatibilityVersion = "Xcode 9.3";
			developmentRegion = en;
			hasScannedForEncodings = 0;
			knownRegions = (
				en,
				Base,
			);
			mainGroup = F49428D9269212B000CC436A;
			packageReferences = (
				F49428F4269215A800CC436A /* XCRemoteSwiftPackageReference "apollo-ios" */,
				F49429162692436100CC436A /* XCRemoteSwiftPackageReference "CombineExt" */,
			);
			productRefGroup = F49428E3269212B000CC436A /* Products */;
			projectDirPath = "";
			projectRoot = "";
			targets = (
				F49428E1269212B000CC436A /* Ravn-Challenge-V2-DanielCornejo */,
			);
		};
/* End PBXProject section */

/* Begin PBXResourcesBuildPhase section */
		F49428E0269212B000CC436A /* Resources */ = {
			isa = PBXResourcesBuildPhase;
			buildActionMask = 2147483647;
			files = (
				F494291C26925D7E00CC436A /* Colors.xcassets in Resources */,
				F49428ED269212B100CC436A /* Preview Assets.xcassets in Resources */,
				F49428FB26921E1500CC436A /* schema.json in Resources */,
				F49428EA269212B100CC436A /* Assets.xcassets in Resources */,
				F49428FF269223CB00CC436A /* StarWarsPeople.graphql in Resources */,
			);
			runOnlyForDeploymentPostprocessing = 0;
		};
/* End PBXResourcesBuildPhase section */

/* Begin PBXShellScriptBuildPhase section */
		F49428F9269219E100CC436A /* Apollo CLI */ = {
			isa = PBXShellScriptBuildPhase;
			buildActionMask = 2147483647;
			files = (
			);
			inputFileListPaths = (
			);
			inputPaths = (
			);
			name = "Apollo CLI";
			outputFileListPaths = (
			);
			outputPaths = (
			);
			runOnlyForDeploymentPostprocessing = 0;
			shellPath = /bin/sh;
			shellScript = "# Go to the build root and search up the chain to find the Derived Data Path where the source packages are checked out.\nDERIVED_DATA_CANDIDATE=\"${BUILD_ROOT}\"\n\nwhile ! [ -d \"${DERIVED_DATA_CANDIDATE}/SourcePackages\" ]; do\n  if [ \"${DERIVED_DATA_CANDIDATE}\" = / ]; then\n    echo >&2 \"error: Unable to locate SourcePackages directory from BUILD_ROOT: '${BUILD_ROOT}'\"\n    exit 1\n  fi\n\n  DERIVED_DATA_CANDIDATE=\"$(dirname \"${DERIVED_DATA_CANDIDATE}\")\"\ndone\n\n# Grab a reference to the directory where scripts are checked out\nSCRIPT_PATH=\"${DERIVED_DATA_CANDIDATE}/SourcePackages/checkouts/apollo-ios/scripts\"\n\nif [ -z \"${SCRIPT_PATH}\" ]; then\n    echo >&2 \"error: Couldn't find the CLI script in your checked out SPM packages; make sure to add the framework to your project.\"\n    exit 1\nfi\n\ncd \"${SRCROOT}/${TARGET_NAME}\"\n\"${SCRIPT_PATH}\"/run-bundled-codegen.sh codegen:generate --target=swift --includes=./**/*.graphql --localSchemaFile=\"Resources/GraphQL/schema.json\" Resources/GraphQL/API.swift\n#\"${SCRIPT_PATH}\"/run-bundled-codegen.sh schema:download --endpoint=\"https://swapi-graphql.netlify.app/.netlify/functions/index\"\n";
		};
/* End PBXShellScriptBuildPhase section */

/* Begin PBXSourcesBuildPhase section */
		F49428DE269212B000CC436A /* Sources */ = {
			isa = PBXSourcesBuildPhase;
			buildActionMask = 2147483647;
			files = (
				F49429152692410F00CC436A /* PeopleListViewModel.swift in Sources */,
				F49429132692347100CC436A /* StarWarsService.swift in Sources */,
				F49428E8269212B000CC436A /* ContentView.swift in Sources */,
				F49429012692244200CC436A /* API.swift in Sources */,
				F4942904269225CB00CC436A /* ApolloService.swift in Sources */,
				F49429062692306600CC436A /* ApolloServiceError.swift in Sources */,
				F494290D269231D400CC436A /* People.swift in Sources */,
				F494291A26924DCB00CC436A /* PeopleListView.swift in Sources */,
				F49428E6269212B000CC436A /* Ravn_Challenge_V2_DanielCornejoApp.swift in Sources */,
			);
			runOnlyForDeploymentPostprocessing = 0;
		};
/* End PBXSourcesBuildPhase section */

/* Begin XCBuildConfiguration section */
		F49428EF269212B100CC436A /* Debug */ = {
			isa = XCBuildConfiguration;
			buildSettings = {
				ALWAYS_SEARCH_USER_PATHS = NO;
				CLANG_ANALYZER_NONNULL = YES;
				CLANG_ANALYZER_NUMBER_OBJECT_CONVERSION = YES_AGGRESSIVE;
				CLANG_CXX_LANGUAGE_STANDARD = "gnu++14";
				CLANG_CXX_LIBRARY = "libc++";
				CLANG_ENABLE_MODULES = YES;
				CLANG_ENABLE_OBJC_ARC = YES;
				CLANG_ENABLE_OBJC_WEAK = YES;
				CLANG_WARN_BLOCK_CAPTURE_AUTORELEASING = YES;
				CLANG_WARN_BOOL_CONVERSION = YES;
				CLANG_WARN_COMMA = YES;
				CLANG_WARN_CONSTANT_CONVERSION = YES;
				CLANG_WARN_DEPRECATED_OBJC_IMPLEMENTATIONS = YES;
				CLANG_WARN_DIRECT_OBJC_ISA_USAGE = YES_ERROR;
				CLANG_WARN_DOCUMENTATION_COMMENTS = YES;
				CLANG_WARN_EMPTY_BODY = YES;
				CLANG_WARN_ENUM_CONVERSION = YES;
				CLANG_WARN_INFINITE_RECURSION = YES;
				CLANG_WARN_INT_CONVERSION = YES;
				CLANG_WARN_NON_LITERAL_NULL_CONVERSION = YES;
				CLANG_WARN_OBJC_IMPLICIT_RETAIN_SELF = YES;
				CLANG_WARN_OBJC_LITERAL_CONVERSION = YES;
				CLANG_WARN_OBJC_ROOT_CLASS = YES_ERROR;
				CLANG_WARN_QUOTED_INCLUDE_IN_FRAMEWORK_HEADER = YES;
				CLANG_WARN_RANGE_LOOP_ANALYSIS = YES;
				CLANG_WARN_STRICT_PROTOTYPES = YES;
				CLANG_WARN_SUSPICIOUS_MOVE = YES;
				CLANG_WARN_UNGUARDED_AVAILABILITY = YES_AGGRESSIVE;
				CLANG_WARN_UNREACHABLE_CODE = YES;
				CLANG_WARN__DUPLICATE_METHOD_MATCH = YES;
				COPY_PHASE_STRIP = NO;
				DEBUG_INFORMATION_FORMAT = dwarf;
				ENABLE_STRICT_OBJC_MSGSEND = YES;
				ENABLE_TESTABILITY = YES;
				GCC_C_LANGUAGE_STANDARD = gnu11;
				GCC_DYNAMIC_NO_PIC = NO;
				GCC_NO_COMMON_BLOCKS = YES;
				GCC_OPTIMIZATION_LEVEL = 0;
				GCC_PREPROCESSOR_DEFINITIONS = (
					"DEBUG=1",
					"$(inherited)",
				);
				GCC_WARN_64_TO_32_BIT_CONVERSION = YES;
				GCC_WARN_ABOUT_RETURN_TYPE = YES_ERROR;
				GCC_WARN_UNDECLARED_SELECTOR = YES;
				GCC_WARN_UNINITIALIZED_AUTOS = YES_AGGRESSIVE;
				GCC_WARN_UNUSED_FUNCTION = YES;
				GCC_WARN_UNUSED_VARIABLE = YES;
				IPHONEOS_DEPLOYMENT_TARGET = 14.5;
				MTL_ENABLE_DEBUG_INFO = INCLUDE_SOURCE;
				MTL_FAST_MATH = YES;
				ONLY_ACTIVE_ARCH = YES;
				SDKROOT = iphoneos;
				SWIFT_ACTIVE_COMPILATION_CONDITIONS = DEBUG;
				SWIFT_OPTIMIZATION_LEVEL = "-Onone";
			};
			name = Debug;
		};
		F49428F0269212B100CC436A /* Release */ = {
			isa = XCBuildConfiguration;
			buildSettings = {
				ALWAYS_SEARCH_USER_PATHS = NO;
				CLANG_ANALYZER_NONNULL = YES;
				CLANG_ANALYZER_NUMBER_OBJECT_CONVERSION = YES_AGGRESSIVE;
				CLANG_CXX_LANGUAGE_STANDARD = "gnu++14";
				CLANG_CXX_LIBRARY = "libc++";
				CLANG_ENABLE_MODULES = YES;
				CLANG_ENABLE_OBJC_ARC = YES;
				CLANG_ENABLE_OBJC_WEAK = YES;
				CLANG_WARN_BLOCK_CAPTURE_AUTORELEASING = YES;
				CLANG_WARN_BOOL_CONVERSION = YES;
				CLANG_WARN_COMMA = YES;
				CLANG_WARN_CONSTANT_CONVERSION = YES;
				CLANG_WARN_DEPRECATED_OBJC_IMPLEMENTATIONS = YES;
				CLANG_WARN_DIRECT_OBJC_ISA_USAGE = YES_ERROR;
				CLANG_WARN_DOCUMENTATION_COMMENTS = YES;
				CLANG_WARN_EMPTY_BODY = YES;
				CLANG_WARN_ENUM_CONVERSION = YES;
				CLANG_WARN_INFINITE_RECURSION = YES;
				CLANG_WARN_INT_CONVERSION = YES;
				CLANG_WARN_NON_LITERAL_NULL_CONVERSION = YES;
				CLANG_WARN_OBJC_IMPLICIT_RETAIN_SELF = YES;
				CLANG_WARN_OBJC_LITERAL_CONVERSION = YES;
				CLANG_WARN_OBJC_ROOT_CLASS = YES_ERROR;
				CLANG_WARN_QUOTED_INCLUDE_IN_FRAMEWORK_HEADER = YES;
				CLANG_WARN_RANGE_LOOP_ANALYSIS = YES;
				CLANG_WARN_STRICT_PROTOTYPES = YES;
				CLANG_WARN_SUSPICIOUS_MOVE = YES;
				CLANG_WARN_UNGUARDED_AVAILABILITY = YES_AGGRESSIVE;
				CLANG_WARN_UNREACHABLE_CODE = YES;
				CLANG_WARN__DUPLICATE_METHOD_MATCH = YES;
				COPY_PHASE_STRIP = NO;
				DEBUG_INFORMATION_FORMAT = "dwarf-with-dsym";
				ENABLE_NS_ASSERTIONS = NO;
				ENABLE_STRICT_OBJC_MSGSEND = YES;
				GCC_C_LANGUAGE_STANDARD = gnu11;
				GCC_NO_COMMON_BLOCKS = YES;
				GCC_WARN_64_TO_32_BIT_CONVERSION = YES;
				GCC_WARN_ABOUT_RETURN_TYPE = YES_ERROR;
				GCC_WARN_UNDECLARED_SELECTOR = YES;
				GCC_WARN_UNINITIALIZED_AUTOS = YES_AGGRESSIVE;
				GCC_WARN_UNUSED_FUNCTION = YES;
				GCC_WARN_UNUSED_VARIABLE = YES;
				IPHONEOS_DEPLOYMENT_TARGET = 14.5;
				MTL_ENABLE_DEBUG_INFO = NO;
				MTL_FAST_MATH = YES;
				SDKROOT = iphoneos;
				SWIFT_COMPILATION_MODE = wholemodule;
				SWIFT_OPTIMIZATION_LEVEL = "-O";
				VALIDATE_PRODUCT = YES;
			};
			name = Release;
		};
		F49428F2269212B100CC436A /* Debug */ = {
			isa = XCBuildConfiguration;
			buildSettings = {
				ASSETCATALOG_COMPILER_APPICON_NAME = AppIcon;
				ASSETCATALOG_COMPILER_GLOBAL_ACCENT_COLOR_NAME = AccentColor;
				CODE_SIGN_STYLE = Automatic;
				DEVELOPMENT_ASSET_PATHS = "\"Ravn-Challenge-V2-DanielCornejo/Preview Content\"";
				DEVELOPMENT_TEAM = Y77D4J5ZWS;
				ENABLE_PREVIEWS = YES;
				INFOPLIST_FILE = "Ravn-Challenge-V2-DanielCornejo/Info.plist";
				IPHONEOS_DEPLOYMENT_TARGET = 14.0;
				LD_RUNPATH_SEARCH_PATHS = (
					"$(inherited)",
					"@executable_path/Frameworks",
				);
				PRODUCT_BUNDLE_IDENTIFIER = "dancor.developer.Ravn-Challenge-V2-DanielCornejo";
				PRODUCT_NAME = "$(TARGET_NAME)";
				SWIFT_VERSION = 5.0;
				TARGETED_DEVICE_FAMILY = "1,2";
			};
			name = Debug;
		};
		F49428F3269212B100CC436A /* Release */ = {
			isa = XCBuildConfiguration;
			buildSettings = {
				ASSETCATALOG_COMPILER_APPICON_NAME = AppIcon;
				ASSETCATALOG_COMPILER_GLOBAL_ACCENT_COLOR_NAME = AccentColor;
				CODE_SIGN_STYLE = Automatic;
				DEVELOPMENT_ASSET_PATHS = "\"Ravn-Challenge-V2-DanielCornejo/Preview Content\"";
				DEVELOPMENT_TEAM = Y77D4J5ZWS;
				ENABLE_PREVIEWS = YES;
				INFOPLIST_FILE = "Ravn-Challenge-V2-DanielCornejo/Info.plist";
				IPHONEOS_DEPLOYMENT_TARGET = 14.0;
				LD_RUNPATH_SEARCH_PATHS = (
					"$(inherited)",
					"@executable_path/Frameworks",
				);
				PRODUCT_BUNDLE_IDENTIFIER = "dancor.developer.Ravn-Challenge-V2-DanielCornejo";
				PRODUCT_NAME = "$(TARGET_NAME)";
				SWIFT_VERSION = 5.0;
				TARGETED_DEVICE_FAMILY = "1,2";
			};
			name = Release;
		};
/* End XCBuildConfiguration section */

/* Begin XCConfigurationList section */
		F49428DD269212B000CC436A /* Build configuration list for PBXProject "Ravn-Challenge-V2-DanielCornejo" */ = {
			isa = XCConfigurationList;
			buildConfigurations = (
				F49428EF269212B100CC436A /* Debug */,
				F49428F0269212B100CC436A /* Release */,
			);
			defaultConfigurationIsVisible = 0;
			defaultConfigurationName = Release;
		};
		F49428F1269212B100CC436A /* Build configuration list for PBXNativeTarget "Ravn-Challenge-V2-DanielCornejo" */ = {
			isa = XCConfigurationList;
			buildConfigurations = (
				F49428F2269212B100CC436A /* Debug */,
				F49428F3269212B100CC436A /* Release */,
			);
			defaultConfigurationIsVisible = 0;
			defaultConfigurationName = Release;
		};
/* End XCConfigurationList section */

/* Begin XCRemoteSwiftPackageReference section */
		F49428F4269215A800CC436A /* XCRemoteSwiftPackageReference "apollo-ios" */ = {
			isa = XCRemoteSwiftPackageReference;
			repositoryURL = "https://github.com/apollographql/apollo-ios.git";
			requirement = {
				kind = upToNextMinorVersion;
				minimumVersion = 0.44.0;
			};
		};
		F49429162692436100CC436A /* XCRemoteSwiftPackageReference "CombineExt" */ = {
			isa = XCRemoteSwiftPackageReference;
			repositoryURL = "https://github.com/CombineCommunity/CombineExt.git";
			requirement = {
				kind = upToNextMajorVersion;
				minimumVersion = 1.3.0;
			};
		};
/* End XCRemoteSwiftPackageReference section */

/* Begin XCSwiftPackageProductDependency section */
		F49428F5269215A800CC436A /* Apollo */ = {
			isa = XCSwiftPackageProductDependency;
			package = F49428F4269215A800CC436A /* XCRemoteSwiftPackageReference "apollo-ios" */;
			productName = Apollo;
		};
		F49428F7269215A800CC436A /* ApolloWebSocket */ = {
			isa = XCSwiftPackageProductDependency;
			package = F49428F4269215A800CC436A /* XCRemoteSwiftPackageReference "apollo-ios" */;
			productName = ApolloWebSocket;
		};
		F49429172692436100CC436A /* CombineExt */ = {
			isa = XCSwiftPackageProductDependency;
			package = F49429162692436100CC436A /* XCRemoteSwiftPackageReference "CombineExt" */;
			productName = CombineExt;
		};
/* End XCSwiftPackageProductDependency section */
	};
	rootObject = F49428DA269212B000CC436A /* Project object */;
}
